
Microsoft Visual Studio Solution File, Format Version 12.00
# Visual Studio Version 17
VisualStudioVersion = 17.13.35931.197 d17.13
MinimumVisualStudioVersion = 10.0.40219.1
Project("{FAE04EC0-301F-11D3-BF4B-00C04F79EFBC}") = "TFLC_sem6_lab1", "TFLC_sem6_lab1\TFLC_sem6_lab1.csproj", "{D77DE0FB-0EA5-4860-83C8-F809BA72904C}"
EndProject
Global
	GlobalSection(SolutionConfigurationPlatforms) = preSolution
		Debug|Any CPU = Debug|Any CPU
		Release|Any CPU = Release|Any CPU
	EndGlobalSection
	GlobalSection(ProjectConfigurationPlatforms) = postSolution
		{D77DE0FB-0EA5-4860-83C8-F809BA72904C}.Debug|Any CPU.ActiveCfg = Debug|Any CPU
		{D77DE0FB-0EA5-4860-83C8-F809BA72904C}.Debug|Any CPU.Build.0 = Debug|Any CPU
		{D77DE0FB-0EA5-4860-83C8-F809BA72904C}.Release|Any CPU.ActiveCfg = Release|Any CPU
		{D77DE0FB-0EA5-4860-83C8-F809BA72904C}.Release|Any CPU.Build.0 = Release|Any CPU
	EndGlobalSection
	GlobalSection(SolutionProperties) = preSolution
		HideSolutionNode = FALSE
	EndGlobalSection
	GlobalSection(ExtensibilityGlobals) = postSolution
		SolutionGuid = {513B7F47-E416-4745-B543-F5E18CA1C728}
	EndGlobalSection
EndGlobal
